{
  "name": "uwumotiondetection",
  "version": "1.0.0",
  "lockfileVersion": 1,
  "requires": true,
  "dependencies": {
    "@mediapipe/camera_utils": {
      "version": "0.3.1640029074",
      "resolved": "https://registry.npmjs.org/@mediapipe/camera_utils/-/camera_utils-0.3.1640029074.tgz",
      "integrity": "sha512-jRV/Mp2lgqNYT68TeVRu/Xq+ptZO9F9vCjxzQsA3VM2r7oXg0TrnfO9De2KKOUTpt0p28dKHs625J8GdWjha8A=="
    },
    "@mediapipe/hands": {
      "version": "0.4.1635986972",
      "resolved": "https://registry.npmjs.org/@mediapipe/hands/-/hands-0.4.1635986972.tgz",
      "integrity": "sha512-xVsoT7beiY9glBAHtcEBkfYO1eDMMzmU0U3wOYEy+sphu5y4Lx4Eg9k1qR+IsYYr1CDx+hYQH3YMVXm9D68+8Q=="
    }
  }
}
